
Microsoft Visual Studio Solution File, Format Version 12.00
# Visual Studio Version 17
VisualStudioVersion = 17.3.32811.315
MinimumVisualStudioVersion = 10.0.40219.1
Project("{8BC9CEB8-8B4A-11D0-8D11-00A0C91BC942}") = "Task_12", "Task_12.vcxproj", "{6175FDF4-6FDF-4EA3-A11F-A2EE8082C1BD}"
EndProject
Global
	GlobalSection(SolutionConfigurationPlatforms) = preSolution
		Debug|x64 = Debug|x64
		Debug|x86 = Debug|x86
		Release|x64 = Release|x64
		Release|x86 = Release|x86
	EndGlobalSection
	GlobalSection(ProjectConfigurationPlatforms) = postSolution
		{6175FDF4-6FDF-4EA3-A11F-A2EE8082C1BD}.Debug|x64.ActiveCfg = Debug|x64
		{6175FDF4-6FDF-4EA3-A11F-A2EE8082C1BD}.Debug|x64.Build.0 = Debug|x64
		{6175FDF4-6FDF-4EA3-A11F-A2EE8082C1BD}.Debug|x86.ActiveCfg = Debug|Win32
		{6175FDF4-6FDF-4EA3-A11F-A2EE8082C1BD}.Debug|x86.Build.0 = Debug|Win32
		{6175FDF4-6FDF-4EA3-A11F-A2EE8082C1BD}.Release|x64.ActiveCfg = Release|x64
		{6175FDF4-6FDF-4EA3-A11F-A2EE8082C1BD}.Release|x64.Build.0 = Release|x64
		{6175FDF4-6FDF-4EA3-A11F-A2EE8082C1BD}.Release|x86.ActiveCfg = Release|Win32
		{6175FDF4-6FDF-4EA3-A11F-A2EE8082C1BD}.Release|x86.Build.0 = Release|Win32
	EndGlobalSection
	GlobalSection(SolutionProperties) = preSolution
		HideSolutionNode = FALSE
	EndGlobalSection
	GlobalSection(ExtensibilityGlobals) = postSolution
		SolutionGuid = {AD4226FC-F2F0-47AA-AB1C-8FB7A7AC0243}
	EndGlobalSection
EndGlobal
